
Microsoft Visual Studio Solution File, Format Version 12.00
# Visual Studio Version 17
VisualStudioVersion = 17.5.002.0
MinimumVisualStudioVersion = 10.0.40219.1
Project("{9A19103F-16F7-4668-BE54-9A1E7A4F7556}") = "HelloWorld", "Console\HelloWorld.csproj", "{A0B5F6F3-31EA-4866-8BBE-9283EB4D2FE4}"
EndProject
Project("{FAE04EC0-301F-11D3-BF4B-00C04F79EFBC}") = "Web", "Web\Web.csproj", "{C68E1B95-7D7D-4EE2-A94A-135B36BFE792}"
EndProject
Global
	GlobalSection(SolutionConfigurationPlatforms) = preSolution
		Debug|Any CPU = Debug|Any CPU
		Release|Any CPU = Release|Any CPU
	EndGlobalSection
	GlobalSection(ProjectConfigurationPlatforms) = postSolution
		{A0B5F6F3-31EA-4866-8BBE-9283EB4D2FE4}.Debug|Any CPU.ActiveCfg = Debug|Any CPU
		{A0B5F6F3-31EA-4866-8BBE-9283EB4D2FE4}.Debug|Any CPU.Build.0 = Debug|Any CPU
		{A0B5F6F3-31EA-4866-8BBE-9283EB4D2FE4}.Release|Any CPU.ActiveCfg = Release|Any CPU
		{A0B5F6F3-31EA-4866-8BBE-9283EB4D2FE4}.Release|Any CPU.Build.0 = Release|Any CPU
		{C68E1B95-7D7D-4EE2-A94A-135B36BFE792}.Debug|Any CPU.ActiveCfg = Debug|Any CPU
		{C68E1B95-7D7D-4EE2-A94A-135B36BFE792}.Debug|Any CPU.Build.0 = Debug|Any CPU
		{C68E1B95-7D7D-4EE2-A94A-135B36BFE792}.Release|Any CPU.ActiveCfg = Release|Any CPU
		{C68E1B95-7D7D-4EE2-A94A-135B36BFE792}.Release|Any CPU.Build.0 = Release|Any CPU
	EndGlobalSection
	GlobalSection(SolutionProperties) = preSolution
		HideSolutionNode = FALSE
	EndGlobalSection
	GlobalSection(ExtensibilityGlobals) = postSolution
		SolutionGuid = {AFE93DE0-0B60-491F-8295-BE8C410334CB}
	EndGlobalSection
EndGlobal
